
Microsoft Visual Studio Solution File, Format Version 12.00
# Visual Studio 15
VisualStudioVersion = 15.0.28010.2036
MinimumVisualStudioVersion = 10.0.40219.1
Project("{FAE04EC0-301F-11D3-BF4B-00C04F79EFBC}") = "HelloWPFApp", "HelloWPFApp\HelloWPFApp.csproj", "{6B8BBCEE-0206-41C1-8B01-4B980B5AAFB6}"
EndProject
Global
	GlobalSection(SolutionConfigurationPlatforms) = preSolution
		Debug|Any CPU = Debug|Any CPU
		Release|Any CPU = Release|Any CPU
	EndGlobalSection
	GlobalSection(ProjectConfigurationPlatforms) = postSolution
		{6B8BBCEE-0206-41C1-8B01-4B980B5AAFB6}.Debug|Any CPU.ActiveCfg = Debug|Any CPU
		{6B8BBCEE-0206-41C1-8B01-4B980B5AAFB6}.Debug|Any CPU.Build.0 = Debug|Any CPU
		{6B8BBCEE-0206-41C1-8B01-4B980B5AAFB6}.Release|Any CPU.ActiveCfg = Release|Any CPU
		{6B8BBCEE-0206-41C1-8B01-4B980B5AAFB6}.Release|Any CPU.Build.0 = Release|Any CPU
	EndGlobalSection
	GlobalSection(SolutionProperties) = preSolution
		HideSolutionNode = FALSE
	EndGlobalSection
	GlobalSection(ExtensibilityGlobals) = postSolution
		SolutionGuid = {8145408F-C0C4-4537-B747-69DAE0D1E230}
	EndGlobalSection
EndGlobal
