
Microsoft Visual Studio Solution File, Format Version 12.00
# Visual Studio 15
VisualStudioVersion = 15.0.28010.2036
MinimumVisualStudioVersion = 10.0.40219.1
Project("{FAE04EC0-301F-11D3-BF4B-00C04F79EFBC}") = "Ejercicio 4", "Ejercicio 4\Ejercicio 4.csproj", "{54EF74C7-FB8A-4997-B1B7-772E4B2E264C}"
EndProject
Global
	GlobalSection(SolutionConfigurationPlatforms) = preSolution
		Debug|Any CPU = Debug|Any CPU
		Release|Any CPU = Release|Any CPU
	EndGlobalSection
	GlobalSection(ProjectConfigurationPlatforms) = postSolution
		{54EF74C7-FB8A-4997-B1B7-772E4B2E264C}.Debug|Any CPU.ActiveCfg = Debug|Any CPU
		{54EF74C7-FB8A-4997-B1B7-772E4B2E264C}.Debug|Any CPU.Build.0 = Debug|Any CPU
		{54EF74C7-FB8A-4997-B1B7-772E4B2E264C}.Release|Any CPU.ActiveCfg = Release|Any CPU
		{54EF74C7-FB8A-4997-B1B7-772E4B2E264C}.Release|Any CPU.Build.0 = Release|Any CPU
	EndGlobalSection
	GlobalSection(SolutionProperties) = preSolution
		HideSolutionNode = FALSE
	EndGlobalSection
	GlobalSection(ExtensibilityGlobals) = postSolution
		SolutionGuid = {552F071F-B2BA-4C2A-B89C-D3CA4D783C3B}
	EndGlobalSection
EndGlobal
